// !$*UTF8*$!
{
	archiveVersion = 1;
	classes = {
	};
	objectVersion = 50;
	objects = {

/* Begin PBXBuildFile section */
		398F5404249669C30077F177 /* AppDelegate.swift in Sources */ = {isa = PBXBuildFile; fileRef = 398F5403249669C30077F177 /* AppDelegate.swift */; };
		398F5406249669C30077F177 /* SceneDelegate.swift in Sources */ = {isa = PBXBuildFile; fileRef = 398F5405249669C30077F177 /* SceneDelegate.swift */; };
		398F5408249669C30077F177 /* ViewController.swift in Sources */ = {isa = PBXBuildFile; fileRef = 398F5407249669C30077F177 /* ViewController.swift */; };
		398F540B249669C30077F177 /* Main.storyboard in Resources */ = {isa = PBXBuildFile; fileRef = 398F5409249669C30077F177 /* Main.storyboard */; };
		398F540D249669C90077F177 /* Assets.xcassets in Resources */ = {isa = PBXBuildFile; fileRef = 398F540C249669C90077F177 /* Assets.xcassets */; };
		398F5410249669C90077F177 /* LaunchScreen.storyboard in Resources */ = {isa = PBXBuildFile; fileRef = 398F540E249669C90077F177 /* LaunchScreen.storyboard */; };
		398F541B249669CA0077F177 /* ios_for_hseTests.swift in Sources */ = {isa = PBXBuildFile; fileRef = 398F541A249669CA0077F177 /* ios_for_hseTests.swift */; };
		398F5426249669CA0077F177 /* ios_for_hseUITests.swift in Sources */ = {isa = PBXBuildFile; fileRef = 398F5425249669CA0077F177 /* ios_for_hseUITests.swift */; };
/* End PBXBuildFile section */

/* Begin PBXContainerItemProxy section */
		398F5417249669CA0077F177 /* PBXContainerItemProxy */ = {
			isa = PBXContainerItemProxy;
			containerPortal = 398F53F8249669C30077F177 /* Project object */;
			proxyType = 1;
			remoteGlobalIDString = 398F53FF249669C30077F177;
			remoteInfo = "ios for hse";
		};
		398F5422249669CA0077F177 /* PBXContainerItemProxy */ = {
			isa = PBXContainerItemProxy;
			containerPortal = 398F53F8249669C30077F177 /* Project object */;
			proxyType = 1;
			remoteGlobalIDString = 398F53FF249669C30077F177;
			remoteInfo = "ios for hse";
		};
/* End PBXContainerItemProxy section */

/* Begin PBXFileReference section */
		398F5400249669C30077F177 /* ios for hse.app */ = {isa = PBXFileReference; explicitFileType = wrapper.application; includeInIndex = 0; path = "ios for hse.app"; sourceTree = BUILT_PRODUCTS_DIR; };
		398F5403249669C30077F177 /* AppDelegate.swift */ = {isa = PBXFileReference; lastKnownFileType = sourcecode.swift; path = AppDelegate.swift; sourceTree = "<group>"; };
		398F5405249669C30077F177 /* SceneDelegate.swift */ = {isa = PBXFileReference; lastKnownFileType = sourcecode.swift; path = SceneDelegate.swift; sourceTree = "<group>"; };
		398F5407249669C30077F177 /* ViewController.swift */ = {isa = PBXFileReference; lastKnownFileType = sourcecode.swift; path = ViewController.swift; sourceTree = "<group>"; };
		398F540A249669C30077F177 /* Base */ = {isa = PBXFileReference; lastKnownFileType = file.storyboard; name = Base; path = Base.lproj/Main.storyboard; sourceTree = "<group>"; };
		398F540C249669C90077F177 /* Assets.xcassets */ = {isa = PBXFileReference; lastKnownFileType = folder.assetcatalog; path = Assets.xcassets; sourceTree = "<group>"; };
		398F540F249669C90077F177 /* Base */ = {isa = PBXFileReference; lastKnownFileType = file.storyboard; name = Base; path = Base.lproj/LaunchScreen.storyboard; sourceTree = "<group>"; };
		398F5411249669C90077F177 /* Info.plist */ = {isa = PBXFileReference; lastKnownFileType = text.plist.xml; path = Info.plist; sourceTree = "<group>"; };
		398F5416249669CA0077F177 /* ios for hseTests.xctest */ = {isa = PBXFileReference; explicitFileType = wrapper.cfbundle; includeInIndex = 0; path = "ios for hseTests.xctest"; sourceTree = BUILT_PRODUCTS_DIR; };
		398F541A249669CA0077F177 /* ios_for_hseTests.swift */ = {isa = PBXFileReference; lastKnownFileType = sourcecode.swift; path = ios_for_hseTests.swift; sourceTree = "<group>"; };
		398F541C249669CA0077F177 /* Info.plist */ = {isa = PBXFileReference; lastKnownFileType = text.plist.xml; path = Info.plist; sourceTree = "<group>"; };
		398F5421249669CA0077F177 /* ios for hseUITests.xctest */ = {isa = PBXFileReference; explicitFileType = wrapper.cfbundle; includeInIndex = 0; path = "ios for hseUITests.xctest"; sourceTree = BUILT_PRODUCTS_DIR; };
		398F5425249669CA0077F177 /* ios_for_hseUITests.swift */ = {isa = PBXFileReference; lastKnownFileType = sourcecode.swift; path = ios_for_hseUITests.swift; sourceTree = "<group>"; };
		398F5427249669CA0077F177 /* Info.plist */ = {isa = PBXFileReference; lastKnownFileType = text.plist.xml; path = Info.plist; sourceTree = "<group>"; };
/* End PBXFileReference section */

/* Begin PBXFrameworksBuildPhase section */
		398F53FD249669C30077F177 /* Frameworks */ = {
			isa = PBXFrameworksBuildPhase;
			buildActionMask = 2147483647;
			files = (
			);
			runOnlyForDeploymentPostprocessing = 0;
		};
		398F5413249669CA0077F177 /* Frameworks */ = {
			isa = PBXFrameworksBuildPhase;
			buildActionMask = 2147483647;
			files = (
			);
			runOnlyForDeploymentPostprocessing = 0;
		};
		398F541E249669CA0077F177 /* Frameworks */ = {
			isa = PBXFrameworksBuildPhase;
			buildActionMask = 2147483647;
			files = (
			);
			runOnlyForDeploymentPostprocessing = 0;
		};
/* End PBXFrameworksBuildPhase section */

/* Begin PBXGroup section */
		398F53F7249669C30077F177 = {
			isa = PBXGroup;
			children = (
				398F5402249669C30077F177 /* ios for hse */,
				398F5419249669CA0077F177 /* ios for hseTests */,
				398F5424249669CA0077F177 /* ios for hseUITests */,
				398F5401249669C30077F177 /* Products */,
			);
			sourceTree = "<group>";
		};
		398F5401249669C30077F177 /* Products */ = {
			isa = PBXGroup;
			children = (
				398F5400249669C30077F177 /* ios for hse.app */,
				398F5416249669CA0077F177 /* ios for hseTests.xctest */,
				398F5421249669CA0077F177 /* ios for hseUITests.xctest */,
			);
			name = Products;
			sourceTree = "<group>";
		};
		398F5402249669C30077F177 /* ios for hse */ = {
			isa = PBXGroup;
			children = (
				398F5403249669C30077F177 /* AppDelegate.swift */,
				398F5405249669C30077F177 /* SceneDelegate.swift */,
				398F5407249669C30077F177 /* ViewController.swift */,
				398F5409249669C30077F177 /* Main.storyboard */,
				398F540C249669C90077F177 /* Assets.xcassets */,
				398F540E249669C90077F177 /* LaunchScreen.storyboard */,
				398F5411249669C90077F177 /* Info.plist */,
			);
			path = "ios for hse";
			sourceTree = "<group>";
		};
		398F5419249669CA0077F177 /* ios for hseTests */ = {
			isa = PBXGroup;
			children = (
				398F541A249669CA0077F177 /* ios_for_hseTests.swift */,
				398F541C249669CA0077F177 /* Info.plist */,
			);
			path = "ios for hseTests";
			sourceTree = "<group>";
		};
		398F5424249669CA0077F177 /* ios for hseUITests */ = {
			isa = PBXGroup;
			children = (
				398F5425249669CA0077F177 /* ios_for_hseUITests.swift */,
				398F5427249669CA0077F177 /* Info.plist */,
			);
			path = "ios for hseUITests";
			sourceTree = "<group>";
		};
/* End PBXGroup section */

/* Begin PBXNativeTarget section */
		398F53FF249669C30077F177 /* ios for hse */ = {
			isa = PBXNativeTarget;
			buildConfigurationList = 398F542A249669CA0077F177 /* Build configuration list for PBXNativeTarget "ios for hse" */;
			buildPhases = (
				398F53FC249669C30077F177 /* Sources */,
				398F53FD249669C30077F177 /* Frameworks */,
				398F53FE249669C30077F177 /* Resources */,
			);
			buildRules = (
			);
			dependencies = (
			);
			name = "ios for hse";
			productName = "ios for hse";
			productReference = 398F5400249669C30077F177 /* ios for hse.app */;
			productType = "com.apple.product-type.application";
		};
		398F5415249669CA0077F177 /* ios for hseTests */ = {
			isa = PBXNativeTarget;
			buildConfigurationList = 398F542D249669CA0077F177 /* Build configuration list for PBXNativeTarget "ios for hseTests" */;
			buildPhases = (
				398F5412249669CA0077F177 /* Sources */,
				398F5413249669CA0077F177 /* Frameworks */,
				398F5414249669CA0077F177 /* Resources */,
			);
			buildRules = (
			);
			dependencies = (
				398F5418249669CA0077F177 /* PBXTargetDependency */,
			);
			name = "ios for hseTests";
			productName = "ios for hseTests";
			productReference = 398F5416249669CA0077F177 /* ios for hseTests.xctest */;
			productType = "com.apple.product-type.bundle.unit-test";
		};
		398F5420249669CA0077F177 /* ios for hseUITests */ = {
			isa = PBXNativeTarget;
			buildConfigurationList = 398F5430249669CA0077F177 /* Build configuration list for PBXNativeTarget "ios for hseUITests" */;
			buildPhases = (
				398F541D249669CA0077F177 /* Sources */,
				398F541E249669CA0077F177 /* Frameworks */,
				398F541F249669CA0077F177 /* Resources */,
			);
			buildRules = (
			);
			dependencies = (
				398F5423249669CA0077F177 /* PBXTargetDependency */,
			);
			name = "ios for hseUITests";
			productName = "ios for hseUITests";
			productReference = 398F5421249669CA0077F177 /* ios for hseUITests.xctest */;
			productType = "com.apple.product-type.bundle.ui-testing";
		};
/* End PBXNativeTarget section */

/* Begin PBXProject section */
		398F53F8249669C30077F177 /* Project object */ = {
			isa = PBXProject;
			attributes = {
				LastSwiftUpdateCheck = 1150;
				LastUpgradeCheck = 1150;
				ORGANIZATIONNAME = "Шинкарев Елисей";
				TargetAttributes = {
					398F53FF249669C30077F177 = {
						CreatedOnToolsVersion = 11.5;
					};
					398F5415249669CA0077F177 = {
						CreatedOnToolsVersion = 11.5;
						TestTargetID = 398F53FF249669C30077F177;
					};
					398F5420249669CA0077F177 = {
						CreatedOnToolsVersion = 11.5;
						TestTargetID = 398F53FF249669C30077F177;
					};
				};
			};
			buildConfigurationList = 398F53FB249669C30077F177 /* Build configuration list for PBXProject "ios for hse" */;
			compatibilityVersion = "Xcode 9.3";
			developmentRegion = en;
			hasScannedForEncodings = 0;
			knownRegions = (
				en,
				Base,
			);
			mainGroup = 398F53F7249669C30077F177;
			productRefGroup = 398F5401249669C30077F177 /* Products */;
			projectDirPath = "";
			projectRoot = "";
			targets = (
				398F53FF249669C30077F177 /* ios for hse */,
				398F5415249669CA0077F177 /* ios for hseTests */,
				398F5420249669CA0077F177 /* ios for hseUITests */,
			);
		};
/* End PBXProject section */

/* Begin PBXResourcesBuildPhase section */
		398F53FE249669C30077F177 /* Resources */ = {
			isa = PBXResourcesBuildPhase;
			buildActionMask = 2147483647;
			files = (
				398F5410249669C90077F177 /* LaunchScreen.storyboard in Resources */,
				398F540D249669C90077F177 /* Assets.xcassets in Resources */,
				398F540B249669C30077F177 /* Main.storyboard in Resources */,
			);
			runOnlyForDeploymentPostprocessing = 0;
		};
		398F5414249669CA0077F177 /* Resources */ = {
			isa = PBXResourcesBuildPhase;
			buildActionMask = 2147483647;
			files = (
			);
			runOnlyForDeploymentPostprocessing = 0;
		};
		398F541F249669CA0077F177 /* Resources */ = {
			isa = PBXResourcesBuildPhase;
			buildActionMask = 2147483647;
			files = (
			);
			runOnlyForDeploymentPostprocessing = 0;
		};
/* End PBXResourcesBuildPhase section */

/* Begin PBXSourcesBuildPhase section */
		398F53FC249669C30077F177 /* Sources */ = {
			isa = PBXSourcesBuildPhase;
			buildActionMask = 2147483647;
			files = (
				398F5408249669C30077F177 /* ViewController.swift in Sources */,
				398F5404249669C30077F177 /* AppDelegate.swift in Sources */,
				398F5406249669C30077F177 /* SceneDelegate.swift in Sources */,
			);
			runOnlyForDeploymentPostprocessing = 0;
		};
		398F5412249669CA0077F177 /* Sources */ = {
			isa = PBXSourcesBuildPhase;
			buildActionMask = 2147483647;
			files = (
				398F541B249669CA0077F177 /* ios_for_hseTests.swift in Sources */,
			);
			runOnlyForDeploymentPostprocessing = 0;
		};
		398F541D249669CA0077F177 /* Sources */ = {
			isa = PBXSourcesBuildPhase;
			buildActionMask = 2147483647;
			files = (
				398F5426249669CA0077F177 /* ios_for_hseUITests.swift in Sources */,
			);
			runOnlyForDeploymentPostprocessing = 0;
		};
/* End PBXSourcesBuildPhase section */

/* Begin PBXTargetDependency section */
		398F5418249669CA0077F177 /* PBXTargetDependency */ = {
			isa = PBXTargetDependency;
			target = 398F53FF249669C30077F177 /* ios for hse */;
			targetProxy = 398F5417249669CA0077F177 /* PBXContainerItemProxy */;
		};
		398F5423249669CA0077F177 /* PBXTargetDependency */ = {
			isa = PBXTargetDependency;
			target = 398F53FF249669C30077F177 /* ios for hse */;
			targetProxy = 398F5422249669CA0077F177 /* PBXContainerItemProxy */;
		};
/* End PBXTargetDependency section */

/* Begin PBXVariantGroup section */
		398F5409249669C30077F177 /* Main.storyboard */ = {
			isa = PBXVariantGroup;
			children = (
				398F540A249669C30077F177 /* Base */,
			);
			name = Main.storyboard;
			sourceTree = "<group>";
		};
		398F540E249669C90077F177 /* LaunchScreen.storyboard */ = {
			isa = PBXVariantGroup;
			children = (
				398F540F249669C90077F177 /* Base */,
			);
			name = LaunchScreen.storyboard;
			sourceTree = "<group>";
		};
/* End PBXVariantGroup section */

/* Begin XCBuildConfiguration section */
		398F5428249669CA0077F177 /* Debug */ = {
			isa = XCBuildConfiguration;
			buildSettings = {
				ALWAYS_SEARCH_USER_PATHS = NO;
				CLANG_ANALYZER_NONNULL = YES;
				CLANG_ANALYZER_NUMBER_OBJECT_CONVERSION = YES_AGGRESSIVE;
				CLANG_CXX_LANGUAGE_STANDARD = "gnu++14";
				CLANG_CXX_LIBRARY = "libc++";
				CLANG_ENABLE_MODULES = YES;
				CLANG_ENABLE_OBJC_ARC = YES;
				CLANG_ENABLE_OBJC_WEAK = YES;
				CLANG_WARN_BLOCK_CAPTURE_AUTORELEASING = YES;
				CLANG_WARN_BOOL_CONVERSION = YES;
				CLANG_WARN_COMMA = YES;
				CLANG_WARN_CONSTANT_CONVERSION = YES;
				CLANG_WARN_DEPRECATED_OBJC_IMPLEMENTATIONS = YES;
				CLANG_WARN_DIRECT_OBJC_ISA_USAGE = YES_ERROR;
				CLANG_WARN_DOCUMENTATION_COMMENTS = YES;
				CLANG_WARN_EMPTY_BODY = YES;
				CLANG_WARN_ENUM_CONVERSION = YES;
				CLANG_WARN_INFINITE_RECURSION = YES;
				CLANG_WARN_INT_CONVERSION = YES;
				CLANG_WARN_NON_LITERAL_NULL_CONVERSION = YES;
				CLANG_WARN_OBJC_IMPLICIT_RETAIN_SELF = YES;
				CLANG_WARN_OBJC_LITERAL_CONVERSION = YES;
				CLANG_WARN_OBJC_ROOT_CLASS = YES_ERROR;
				CLANG_WARN_RANGE_LOOP_ANALYSIS = YES;
				CLANG_WARN_STRICT_PROTOTYPES = YES;
				CLANG_WARN_SUSPICIOUS_MOVE = YES;
				CLANG_WARN_UNGUARDED_AVAILABILITY = YES_AGGRESSIVE;
				CLANG_WARN_UNREACHABLE_CODE = YES;
				CLANG_WARN__DUPLICATE_METHOD_MATCH = YES;
				COPY_PHASE_STRIP = NO;
				DEBUG_INFORMATION_FORMAT = dwarf;
				ENABLE_STRICT_OBJC_MSGSEND = YES;
				ENABLE_TESTABILITY = YES;
				GCC_C_LANGUAGE_STANDARD = gnu11;
				GCC_DYNAMIC_NO_PIC = NO;
				GCC_NO_COMMON_BLOCKS = YES;
				GCC_OPTIMIZATION_LEVEL = 0;
				GCC_PREPROCESSOR_DEFINITIONS = (
					"DEBUG=1",
					"$(inherited)",
				);
				GCC_WARN_64_TO_32_BIT_CONVERSION = YES;
				GCC_WARN_ABOUT_RETURN_TYPE = YES_ERROR;
				GCC_WARN_UNDECLARED_SELECTOR = YES;
				GCC_WARN_UNINITIALIZED_AUTOS = YES_AGGRESSIVE;
				GCC_WARN_UNUSED_FUNCTION = YES;
				GCC_WARN_UNUSED_VARIABLE = YES;
				IPHONEOS_DEPLOYMENT_TARGET = 13.5;
				MTL_ENABLE_DEBUG_INFO = INCLUDE_SOURCE;
				MTL_FAST_MATH = YES;
				ONLY_ACTIVE_ARCH = YES;
				SDKROOT = iphoneos;
				SWIFT_ACTIVE_COMPILATION_CONDITIONS = DEBUG;
				SWIFT_OPTIMIZATION_LEVEL = "-Onone";
			};
			name = Debug;
		};
		398F5429249669CA0077F177 /* Release */ = {
			isa = XCBuildConfiguration;
			buildSettings = {
				ALWAYS_SEARCH_USER_PATHS = NO;
				CLANG_ANALYZER_NONNULL = YES;
				CLANG_ANALYZER_NUMBER_OBJECT_CONVERSION = YES_AGGRESSIVE;
				CLANG_CXX_LANGUAGE_STANDARD = "gnu++14";
				CLANG_CXX_LIBRARY = "libc++";
				CLANG_ENABLE_MODULES = YES;
				CLANG_ENABLE_OBJC_ARC = YES;
				CLANG_ENABLE_OBJC_WEAK = YES;
				CLANG_WARN_BLOCK_CAPTURE_AUTORELEASING = YES;
				CLANG_WARN_BOOL_CONVERSION = YES;
				CLANG_WARN_COMMA = YES;
				CLANG_WARN_CONSTANT_CONVERSION = YES;
				CLANG_WARN_DEPRECATED_OBJC_IMPLEMENTATIONS = YES;
				CLANG_WARN_DIRECT_OBJC_ISA_USAGE = YES_ERROR;
				CLANG_WARN_DOCUMENTATION_COMMENTS = YES;
				CLANG_WARN_EMPTY_BODY = YES;
				CLANG_WARN_ENUM_CONVERSION = YES;
				CLANG_WARN_INFINITE_RECURSION = YES;
				CLANG_WARN_INT_CONVERSION = YES;
				CLANG_WARN_NON_LITERAL_NULL_CONVERSION = YES;
				CLANG_WARN_OBJC_IMPLICIT_RETAIN_SELF = YES;
				CLANG_WARN_OBJC_LITERAL_CONVERSION = YES;
				CLANG_WARN_OBJC_ROOT_CLASS = YES_ERROR;
				CLANG_WARN_RANGE_LOOP_ANALYSIS = YES;
				CLANG_WARN_STRICT_PROTOTYPES = YES;
				CLANG_WARN_SUSPICIOUS_MOVE = YES;
				CLANG_WARN_UNGUARDED_AVAILABILITY = YES_AGGRESSIVE;
				CLANG_WARN_UNREACHABLE_CODE = YES;
				CLANG_WARN__DUPLICATE_METHOD_MATCH = YES;
				COPY_PHASE_STRIP = NO;
				DEBUG_INFORMATION_FORMAT = "dwarf-with-dsym";
				ENABLE_NS_ASSERTIONS = NO;
				ENABLE_STRICT_OBJC_MSGSEND = YES;
				GCC_C_LANGUAGE_STANDARD = gnu11;
				GCC_NO_COMMON_BLOCKS = YES;
				GCC_WARN_64_TO_32_BIT_CONVERSION = YES;
				GCC_WARN_ABOUT_RETURN_TYPE = YES_ERROR;
				GCC_WARN_UNDECLARED_SELECTOR = YES;
				GCC_WARN_UNINITIALIZED_AUTOS = YES_AGGRESSIVE;
				GCC_WARN_UNUSED_FUNCTION = YES;
				GCC_WARN_UNUSED_VARIABLE = YES;
				IPHONEOS_DEPLOYMENT_TARGET = 13.5;
				MTL_ENABLE_DEBUG_INFO = NO;
				MTL_FAST_MATH = YES;
				SDKROOT = iphoneos;
				SWIFT_COMPILATION_MODE = wholemodule;
				SWIFT_OPTIMIZATION_LEVEL = "-O";
				VALIDATE_PRODUCT = YES;
			};
			name = Release;
		};
		398F542B249669CA0077F177 /* Debug */ = {
			isa = XCBuildConfiguration;
			buildSettings = {
				ASSETCATALOG_COMPILER_APPICON_NAME = AppIcon;
				CODE_SIGN_STYLE = Automatic;
				DEVELOPMENT_TEAM = R8XA4RM7YG;
				INFOPLIST_FILE = "ios for hse/Info.plist";
				LD_RUNPATH_SEARCH_PATHS = (
					"$(inherited)",
					"@executable_path/Frameworks",
				);
				PRODUCT_BUNDLE_IDENTIFIER = "El.ios-for-hse";
				PRODUCT_NAME = "$(TARGET_NAME)";
				SWIFT_VERSION = 5.0;
				TARGETED_DEVICE_FAMILY = "1,2";
			};
			name = Debug;
		};
		398F542C249669CA0077F177 /* Release */ = {
			isa = XCBuildConfiguration;
			buildSettings = {
				ASSETCATALOG_COMPILER_APPICON_NAME = AppIcon;
				CODE_SIGN_STYLE = Automatic;
				DEVELOPMENT_TEAM = R8XA4RM7YG;
				INFOPLIST_FILE = "ios for hse/Info.plist";
				LD_RUNPATH_SEARCH_PATHS = (
					"$(inherited)",
					"@executable_path/Frameworks",
				);
				PRODUCT_BUNDLE_IDENTIFIER = "El.ios-for-hse";
				PRODUCT_NAME = "$(TARGET_NAME)";
				SWIFT_VERSION = 5.0;
				TARGETED_DEVICE_FAMILY = "1,2";
			};
			name = Release;
		};
		398F542E249669CA0077F177 /* Debug */ = {
			isa = XCBuildConfiguration;
			buildSettings = {
				ALWAYS_EMBED_SWIFT_STANDARD_LIBRARIES = YES;
				BUNDLE_LOADER = "$(TEST_HOST)";
				CODE_SIGN_STYLE = Automatic;
				DEVELOPMENT_TEAM = R8XA4RM7YG;
				INFOPLIST_FILE = "ios for hseTests/Info.plist";
				IPHONEOS_DEPLOYMENT_TARGET = 13.5;
				LD_RUNPATH_SEARCH_PATHS = (
					"$(inherited)",
					"@executable_path/Frameworks",
					"@loader_path/Frameworks",
				);
				PRODUCT_BUNDLE_IDENTIFIER = "El.ios-for-hseTests";
				PRODUCT_NAME = "$(TARGET_NAME)";
				SWIFT_VERSION = 5.0;
				TARGETED_DEVICE_FAMILY = "1,2";
				TEST_HOST = "$(BUILT_PRODUCTS_DIR)/ios for hse.app/ios for hse";
			};
			name = Debug;
		};
		398F542F249669CA0077F177 /* Release */ = {
			isa = XCBuildConfiguration;
			buildSettings = {
				ALWAYS_EMBED_SWIFT_STANDARD_LIBRARIES = YES;
				BUNDLE_LOADER = "$(TEST_HOST)";
				CODE_SIGN_STYLE = Automatic;
				DEVELOPMENT_TEAM = R8XA4RM7YG;
				INFOPLIST_FILE = "ios for hseTests/Info.plist";
				IPHONEOS_DEPLOYMENT_TARGET = 13.5;
				LD_RUNPATH_SEARCH_PATHS = (
					"$(inherited)",
					"@executable_path/Frameworks",
					"@loader_path/Frameworks",
				);
				PRODUCT_BUNDLE_IDENTIFIER = "El.ios-for-hseTests";
				PRODUCT_NAME = "$(TARGET_NAME)";
				SWIFT_VERSION = 5.0;
				TARGETED_DEVICE_FAMILY = "1,2";
				TEST_HOST = "$(BUILT_PRODUCTS_DIR)/ios for hse.app/ios for hse";
			};
			name = Release;
		};
		398F5431249669CA0077F177 /* Debug */ = {
			isa = XCBuildConfiguration;
			buildSettings = {
				ALWAYS_EMBED_SWIFT_STANDARD_LIBRARIES = YES;
				CODE_SIGN_STYLE = Automatic;
				DEVELOPMENT_TEAM = R8XA4RM7YG;
				INFOPLIST_FILE = "ios for hseUITests/Info.plist";
				LD_RUNPATH_SEARCH_PATHS = (
					"$(inherited)",
					"@executable_path/Frameworks",
					"@loader_path/Frameworks",
				);
				PRODUCT_BUNDLE_IDENTIFIER = "El.ios-for-hseUITests";
				PRODUCT_NAME = "$(TARGET_NAME)";
				SWIFT_VERSION = 5.0;
				TARGETED_DEVICE_FAMILY = "1,2";
				TEST_TARGET_NAME = "ios for hse";
			};
			name = Debug;
		};
		398F5432249669CA0077F177 /* Release */ = {
			isa = XCBuildConfiguration;
			buildSettings = {
				ALWAYS_EMBED_SWIFT_STANDARD_LIBRARIES = YES;
				CODE_SIGN_STYLE = Automatic;
				DEVELOPMENT_TEAM = R8XA4RM7YG;
				INFOPLIST_FILE = "ios for hseUITests/Info.plist";
				LD_RUNPATH_SEARCH_PATHS = (
					"$(inherited)",
					"@executable_path/Frameworks",
					"@loader_path/Frameworks",
				);
				PRODUCT_BUNDLE_IDENTIFIER = "El.ios-for-hseUITests";
				PRODUCT_NAME = "$(TARGET_NAME)";
				SWIFT_VERSION = 5.0;
				TARGETED_DEVICE_FAMILY = "1,2";
				TEST_TARGET_NAME = "ios for hse";
			};
			name = Release;
		};
/* End XCBuildConfiguration section */

/* Begin XCConfigurationList section */
		398F53FB249669C30077F177 /* Build configuration list for PBXProject "ios for hse" */ = {
			isa = XCConfigurationList;
			buildConfigurations = (
				398F5428249669CA0077F177 /* Debug */,
				398F5429249669CA0077F177 /* Release */,
			);
			defaultConfigurationIsVisible = 0;
			defaultConfigurationName = Release;
		};
		398F542A249669CA0077F177 /* Build configuration list for PBXNativeTarget "ios for hse" */ = {
			isa = XCConfigurationList;
			buildConfigurations = (
				398F542B249669CA0077F177 /* Debug */,
				398F542C249669CA0077F177 /* Release */,
			);
			defaultConfigurationIsVisible = 0;
			defaultConfigurationName = Release;
		};
		398F542D249669CA0077F177 /* Build configuration list for PBXNativeTarget "ios for hseTests" */ = {
			isa = XCConfigurationList;
			buildConfigurations = (
				398F542E249669CA0077F177 /* Debug */,
				398F542F249669CA0077F177 /* Release */,
			);
			defaultConfigurationIsVisible = 0;
			defaultConfigurationName = Release;
		};
		398F5430249669CA0077F177 /* Build configuration list for PBXNativeTarget "ios for hseUITests" */ = {
			isa = XCConfigurationList;
			buildConfigurations = (
				398F5431249669CA0077F177 /* Debug */,
				398F5432249669CA0077F177 /* Release */,
			);
			defaultConfigurationIsVisible = 0;
			defaultConfigurationName = Release;
		};
/* End XCConfigurationList section */
	};
	rootObject = 398F53F8249669C30077F177 /* Project object */;
}
